// !$*UTF8*$!
{
	archiveVersion = 1;
	classes = {
	};
	objectVersion = 46;
	objects = {

/* Begin PBXBuildFile section */
		812EA7E61A36F2DA004F0140 /* Foundation.framework in Frameworks */ = {isa = PBXBuildFile; fileRef = 812EA7E51A36F2DA004F0140 /* Foundation.framework */; };
		812EA7E81A36F2DA004F0140 /* CoreGraphics.framework in Frameworks */ = {isa = PBXBuildFile; fileRef = 812EA7E71A36F2DA004F0140 /* CoreGraphics.framework */; };
		812EA7EA1A36F2DA004F0140 /* UIKit.framework in Frameworks */ = {isa = PBXBuildFile; fileRef = 812EA7E91A36F2DA004F0140 /* UIKit.framework */; };
		812EA7F01A36F2DA004F0140 /* InfoPlist.strings in Resources */ = {isa = PBXBuildFile; fileRef = 812EA7EE1A36F2DA004F0140 /* InfoPlist.strings */; };
		812EA7F21A36F2DA004F0140 /* main.m in Sources */ = {isa = PBXBuildFile; fileRef = 812EA7F11A36F2DA004F0140 /* main.m */; };
		812EA7F61A36F2DA004F0140 /* AppDelegate.m in Sources */ = {isa = PBXBuildFile; fileRef = 812EA7F51A36F2DA004F0140 /* AppDelegate.m */; };
		812EA7F91A36F2DA004F0140 /* Main_iPhone.storyboard in Resources */ = {isa = PBXBuildFile; fileRef = 812EA7F71A36F2DA004F0140 /* Main_iPhone.storyboard */; };
		812EA7FC1A36F2DA004F0140 /* Main_iPad.storyboard in Resources */ = {isa = PBXBuildFile; fileRef = 812EA7FA1A36F2DA004F0140 /* Main_iPad.storyboard */; };
		812EA7FF1A36F2DA004F0140 /* ViewController.m in Sources */ = {isa = PBXBuildFile; fileRef = 812EA7FE1A36F2DA004F0140 /* ViewController.m */; };
		812EA8011A36F2DA004F0140 /* Images.xcassets in Resources */ = {isa = PBXBuildFile; fileRef = 812EA8001A36F2DA004F0140 /* Images.xcassets */; };
		812EA8081A36F2DB004F0140 /* XCTest.framework in Frameworks */ = {isa = PBXBuildFile; fileRef = 812EA8071A36F2DB004F0140 /* XCTest.framework */; };
		812EA8091A36F2DB004F0140 /* Foundation.framework in Frameworks */ = {isa = PBXBuildFile; fileRef = 812EA7E51A36F2DA004F0140 /* Foundation.framework */; };
		812EA80A1A36F2DB004F0140 /* UIKit.framework in Frameworks */ = {isa = PBXBuildFile; fileRef = 812EA7E91A36F2DA004F0140 /* UIKit.framework */; };
		812EA8121A36F2DB004F0140 /* InfoPlist.strings in Resources */ = {isa = PBXBuildFile; fileRef = 812EA8101A36F2DB004F0140 /* InfoPlist.strings */; };
		812EA8141A36F2DB004F0140 /* CheckBoxImageViewTests.m in Sources */ = {isa = PBXBuildFile; fileRef = 812EA8131A36F2DB004F0140 /* CheckBoxImageViewTests.m */; };
/* End PBXBuildFile section */

/* Begin PBXContainerItemProxy section */
		812EA80B1A36F2DB004F0140 /* PBXContainerItemProxy */ = {
			isa = PBXContainerItemProxy;
			containerPortal = 812EA7DA1A36F2DA004F0140 /* Project object */;
			proxyType = 1;
			remoteGlobalIDString = 812EA7E11A36F2DA004F0140;
			remoteInfo = CheckBoxImageView;
		};
/* End PBXContainerItemProxy section */

/* Begin PBXFileReference section */
		812EA7E21A36F2DA004F0140 /* CheckBoxImageView.app */ = {isa = PBXFileReference; explicitFileType = wrapper.application; includeInIndex = 0; path = CheckBoxImageView.app; sourceTree = BUILT_PRODUCTS_DIR; };
		812EA7E51A36F2DA004F0140 /* Foundation.framework */ = {isa = PBXFileReference; lastKnownFileType = wrapper.framework; name = Foundation.framework; path = System/Library/Frameworks/Foundation.framework; sourceTree = SDKROOT; };
		812EA7E71A36F2DA004F0140 /* CoreGraphics.framework */ = {isa = PBXFileReference; lastKnownFileType = wrapper.framework; name = CoreGraphics.framework; path = System/Library/Frameworks/CoreGraphics.framework; sourceTree = SDKROOT; };
		812EA7E91A36F2DA004F0140 /* UIKit.framework */ = {isa = PBXFileReference; lastKnownFileType = wrapper.framework; name = UIKit.framework; path = System/Library/Frameworks/UIKit.framework; sourceTree = SDKROOT; };
		812EA7ED1A36F2DA004F0140 /* CheckBoxImageView-Info.plist */ = {isa = PBXFileReference; lastKnownFileType = text.plist.xml; path = "CheckBoxImageView-Info.plist"; sourceTree = "<group>"; };
		812EA7EF1A36F2DA004F0140 /* en */ = {isa = PBXFileReference; lastKnownFileType = text.plist.strings; name = en; path = en.lproj/InfoPlist.strings; sourceTree = "<group>"; };
		812EA7F11A36F2DA004F0140 /* main.m */ = {isa = PBXFileReference; lastKnownFileType = sourcecode.c.objc; path = main.m; sourceTree = "<group>"; };
		812EA7F31A36F2DA004F0140 /* CheckBoxImageView-Prefix.pch */ = {isa = PBXFileReference; lastKnownFileType = sourcecode.c.h; path = "CheckBoxImageView-Prefix.pch"; sourceTree = "<group>"; };
		812EA7F41A36F2DA004F0140 /* AppDelegate.h */ = {isa = PBXFileReference; lastKnownFileType = sourcecode.c.h; path = AppDelegate.h; sourceTree = "<group>"; };
		812EA7F51A36F2DA004F0140 /* AppDelegate.m */ = {isa = PBXFileReference; lastKnownFileType = sourcecode.c.objc; path = AppDelegate.m; sourceTree = "<group>"; };
		812EA7F81A36F2DA004F0140 /* Base */ = {isa = PBXFileReference; lastKnownFileType = file.storyboard; name = Base; path = Base.lproj/Main_iPhone.storyboard; sourceTree = "<group>"; };
		812EA7FB1A36F2DA004F0140 /* Base */ = {isa = PBXFileReference; lastKnownFileType = file.storyboard; name = Base; path = Base.lproj/Main_iPad.storyboard; sourceTree = "<group>"; };
		812EA7FD1A36F2DA004F0140 /* ViewController.h */ = {isa = PBXFileReference; lastKnownFileType = sourcecode.c.h; path = ViewController.h; sourceTree = "<group>"; };
		812EA7FE1A36F2DA004F0140 /* ViewController.m */ = {isa = PBXFileReference; lastKnownFileType = sourcecode.c.objc; path = ViewController.m; sourceTree = "<group>"; };
		812EA8001A36F2DA004F0140 /* Images.xcassets */ = {isa = PBXFileReference; lastKnownFileType = folder.assetcatalog; path = Images.xcassets; sourceTree = "<group>"; };
		812EA8061A36F2DB004F0140 /* CheckBoxImageViewTests.xctest */ = {isa = PBXFileReference; explicitFileType = wrapper.cfbundle; includeInIndex = 0; path = CheckBoxImageViewTests.xctest; sourceTree = BUILT_PRODUCTS_DIR; };
		812EA8071A36F2DB004F0140 /* XCTest.framework */ = {isa = PBXFileReference; lastKnownFileType = wrapper.framework; name = XCTest.framework; path = Library/Frameworks/XCTest.framework; sourceTree = DEVELOPER_DIR; };
		812EA80F1A36F2DB004F0140 /* CheckBoxImageViewTests-Info.plist */ = {isa = PBXFileReference; lastKnownFileType = text.plist.xml; path = "CheckBoxImageViewTests-Info.plist"; sourceTree = "<group>"; };
		812EA8111A36F2DB004F0140 /* en */ = {isa = PBXFileReference; lastKnownFileType = text.plist.strings; name = en; path = en.lproj/InfoPlist.strings; sourceTree = "<group>"; };
		812EA8131A36F2DB004F0140 /* CheckBoxImageViewTests.m */ = {isa = PBXFileReference; lastKnownFileType = sourcecode.c.objc; path = CheckBoxImageViewTests.m; sourceTree = "<group>"; };
/* End PBXFileReference section */

/* Begin PBXFrameworksBuildPhase section */
		812EA7DF1A36F2DA004F0140 /* Frameworks */ = {
			isa = PBXFrameworksBuildPhase;
			buildActionMask = 2147483647;
			files = (
				812EA7E81A36F2DA004F0140 /* CoreGraphics.framework in Frameworks */,
				812EA7EA1A36F2DA004F0140 /* UIKit.framework in Frameworks */,
				812EA7E61A36F2DA004F0140 /* Foundation.framework in Frameworks */,
			);
			runOnlyForDeploymentPostprocessing = 0;
		};
		812EA8031A36F2DB004F0140 /* Frameworks */ = {
			isa = PBXFrameworksBuildPhase;
			buildActionMask = 2147483647;
			files = (
				812EA8081A36F2DB004F0140 /* XCTest.framework in Frameworks */,
				812EA80A1A36F2DB004F0140 /* UIKit.framework in Frameworks */,
				812EA8091A36F2DB004F0140 /* Foundation.framework in Frameworks */,
			);
			runOnlyForDeploymentPostprocessing = 0;
		};
/* End PBXFrameworksBuildPhase section */

/* Begin PBXGroup section */
		812EA7D91A36F2DA004F0140 = {
			isa = PBXGroup;
			children = (
				812EA7EB1A36F2DA004F0140 /* CheckBoxImageView */,
				812EA80D1A36F2DB004F0140 /* CheckBoxImageViewTests */,
				812EA7E41A36F2DA004F0140 /* Frameworks */,
				812EA7E31A36F2DA004F0140 /* Products */,
			);
			sourceTree = "<group>";
		};
		812EA7E31A36F2DA004F0140 /* Products */ = {
			isa = PBXGroup;
			children = (
				812EA7E21A36F2DA004F0140 /* CheckBoxImageView.app */,
				812EA8061A36F2DB004F0140 /* CheckBoxImageViewTests.xctest */,
			);
			name = Products;
			sourceTree = "<group>";
		};
		812EA7E41A36F2DA004F0140 /* Frameworks */ = {
			isa = PBXGroup;
			children = (
				812EA7E51A36F2DA004F0140 /* Foundation.framework */,
				812EA7E71A36F2DA004F0140 /* CoreGraphics.framework */,
				812EA7E91A36F2DA004F0140 /* UIKit.framework */,
				812EA8071A36F2DB004F0140 /* XCTest.framework */,
			);
			name = Frameworks;
			sourceTree = "<group>";
		};
		812EA7EB1A36F2DA004F0140 /* CheckBoxImageView */ = {
			isa = PBXGroup;
			children = (
				812EA7F41A36F2DA004F0140 /* AppDelegate.h */,
				812EA7F51A36F2DA004F0140 /* AppDelegate.m */,
				812EA7F71A36F2DA004F0140 /* Main_iPhone.storyboard */,
				812EA7FA1A36F2DA004F0140 /* Main_iPad.storyboard */,
				812EA7FD1A36F2DA004F0140 /* ViewController.h */,
				812EA7FE1A36F2DA004F0140 /* ViewController.m */,
				812EA8001A36F2DA004F0140 /* Images.xcassets */,
				812EA7EC1A36F2DA004F0140 /* Supporting Files */,
			);
			path = CheckBoxImageView;
			sourceTree = "<group>";
		};
		812EA7EC1A36F2DA004F0140 /* Supporting Files */ = {
			isa = PBXGroup;
			children = (
				812EA7ED1A36F2DA004F0140 /* CheckBoxImageView-Info.plist */,
				812EA7EE1A36F2DA004F0140 /* InfoPlist.strings */,
				812EA7F11A36F2DA004F0140 /* main.m */,
				812EA7F31A36F2DA004F0140 /* CheckBoxImageView-Prefix.pch */,
			);
			name = "Supporting Files";
			sourceTree = "<group>";
		};
		812EA80D1A36F2DB004F0140 /* CheckBoxImageViewTests */ = {
			isa = PBXGroup;
			children = (
				812EA8131A36F2DB004F0140 /* CheckBoxImageViewTests.m */,
				812EA80E1A36F2DB004F0140 /* Supporting Files */,
			);
			path = CheckBoxImageViewTests;
			sourceTree = "<group>";
		};
		812EA80E1A36F2DB004F0140 /* Supporting Files */ = {
			isa = PBXGroup;
			children = (
				812EA80F1A36F2DB004F0140 /* CheckBoxImageViewTests-Info.plist */,
				812EA8101A36F2DB004F0140 /* InfoPlist.strings */,
			);
			name = "Supporting Files";
			sourceTree = "<group>";
		};
/* End PBXGroup section */

/* Begin PBXNativeTarget section */
		812EA7E11A36F2DA004F0140 /* CheckBoxImageView */ = {
			isa = PBXNativeTarget;
			buildConfigurationList = 812EA8171A36F2DB004F0140 /* Build configuration list for PBXNativeTarget "CheckBoxImageView" */;
			buildPhases = (
				812EA7DE1A36F2DA004F0140 /* Sources */,
				812EA7DF1A36F2DA004F0140 /* Frameworks */,
				812EA7E01A36F2DA004F0140 /* Resources */,
			);
			buildRules = (
			);
			dependencies = (
			);
			name = CheckBoxImageView;
			productName = CheckBoxImageView;
			productReference = 812EA7E21A36F2DA004F0140 /* CheckBoxImageView.app */;
			productType = "com.apple.product-type.application";
		};
		812EA8051A36F2DB004F0140 /* CheckBoxImageViewTests */ = {
			isa = PBXNativeTarget;
			buildConfigurationList = 812EA81A1A36F2DB004F0140 /* Build configuration list for PBXNativeTarget "CheckBoxImageViewTests" */;
			buildPhases = (
				812EA8021A36F2DB004F0140 /* Sources */,
				812EA8031A36F2DB004F0140 /* Frameworks */,
				812EA8041A36F2DB004F0140 /* Resources */,
			);
			buildRules = (
			);
			dependencies = (
				812EA80C1A36F2DB004F0140 /* PBXTargetDependency */,
			);
			name = CheckBoxImageViewTests;
			productName = CheckBoxImageViewTests;
			productReference = 812EA8061A36F2DB004F0140 /* CheckBoxImageViewTests.xctest */;
			productType = "com.apple.product-type.bundle.unit-test";
		};
/* End PBXNativeTarget section */

/* Begin PBXProject section */
		812EA7DA1A36F2DA004F0140 /* Project object */ = {
			isa = PBXProject;
			attributes = {
				LastUpgradeCheck = 0510;
				ORGANIZATIONNAME = tringapps;
				TargetAttributes = {
					812EA8051A36F2DB004F0140 = {
						TestTargetID = 812EA7E11A36F2DA004F0140;
					};
				};
			};
			buildConfigurationList = 812EA7DD1A36F2DA004F0140 /* Build configuration list for PBXProject "CheckBoxImageView" */;
			compatibilityVersion = "Xcode 3.2";
			developmentRegion = English;
			hasScannedForEncodings = 0;
			knownRegions = (
				en,
				Base,
			);
			mainGroup = 812EA7D91A36F2DA004F0140;
			productRefGroup = 812EA7E31A36F2DA004F0140 /* Products */;
			projectDirPath = "";
			projectRoot = "";
			targets = (
				812EA7E11A36F2DA004F0140 /* CheckBoxImageView */,
				812EA8051A36F2DB004F0140 /* CheckBoxImageViewTests */,
			);
		};
/* End PBXProject section */

/* Begin PBXResourcesBuildPhase section */
		812EA7E01A36F2DA004F0140 /* Resources */ = {
			isa = PBXResourcesBuildPhase;
			buildActionMask = 2147483647;
			files = (
				812EA7FC1A36F2DA004F0140 /* Main_iPad.storyboard in Resources */,
				812EA8011A36F2DA004F0140 /* Images.xcassets in Resources */,
				812EA7F91A36F2DA004F0140 /* Main_iPhone.storyboard in Resources */,
				812EA7F01A36F2DA004F0140 /* InfoPlist.strings in Resources */,
			);
			runOnlyForDeploymentPostprocessing = 0;
		};
		812EA8041A36F2DB004F0140 /* Resources */ = {
			isa = PBXResourcesBuildPhase;
			buildActionMask = 2147483647;
			files = (
				812EA8121A36F2DB004F0140 /* InfoPlist.strings in Resources */,
			);
			runOnlyForDeploymentPostprocessing = 0;
		};
/* End PBXResourcesBuildPhase section */

/* Begin PBXSourcesBuildPhase section */
		812EA7DE1A36F2DA004F0140 /* Sources */ = {
			isa = PBXSourcesBuildPhase;
			buildActionMask = 2147483647;
			files = (
				812EA7FF1A36F2DA004F0140 /* ViewController.m in Sources */,
				812EA7F61A36F2DA004F0140 /* AppDelegate.m in Sources */,
				812EA7F21A36F2DA004F0140 /* main.m in Sources */,
			);
			runOnlyForDeploymentPostprocessing = 0;
		};
		812EA8021A36F2DB004F0140 /* Sources */ = {
			isa = PBXSourcesBuildPhase;
			buildActionMask = 2147483647;
			files = (
				812EA8141A36F2DB004F0140 /* CheckBoxImageViewTests.m in Sources */,
			);
			runOnlyForDeploymentPostprocessing = 0;
		};
/* End PBXSourcesBuildPhase section */

/* Begin PBXTargetDependency section */
		812EA80C1A36F2DB004F0140 /* PBXTargetDependency */ = {
			isa = PBXTargetDependency;
			target = 812EA7E11A36F2DA004F0140 /* CheckBoxImageView */;
			targetProxy = 812EA80B1A36F2DB004F0140 /* PBXContainerItemProxy */;
		};
/* End PBXTargetDependency section */

/* Begin PBXVariantGroup section */
		812EA7EE1A36F2DA004F0140 /* InfoPlist.strings */ = {
			isa = PBXVariantGroup;
			children = (
				812EA7EF1A36F2DA004F0140 /* en */,
			);
			name = InfoPlist.strings;
			sourceTree = "<group>";
		};
		812EA7F71A36F2DA004F0140 /* Main_iPhone.storyboard */ = {
			isa = PBXVariantGroup;
			children = (
				812EA7F81A36F2DA004F0140 /* Base */,
			);
			name = Main_iPhone.storyboard;
			sourceTree = "<group>";
		};
		812EA7FA1A36F2DA004F0140 /* Main_iPad.storyboard */ = {
			isa = PBXVariantGroup;
			children = (
				812EA7FB1A36F2DA004F0140 /* Base */,
			);
			name = Main_iPad.storyboard;
			sourceTree = "<group>";
		};
		812EA8101A36F2DB004F0140 /* InfoPlist.strings */ = {
			isa = PBXVariantGroup;
			children = (
				812EA8111A36F2DB004F0140 /* en */,
			);
			name = InfoPlist.strings;
			sourceTree = "<group>";
		};
/* End PBXVariantGroup section */

/* Begin XCBuildConfiguration section */
		812EA8151A36F2DB004F0140 /* Debug */ = {
			isa = XCBuildConfiguration;
			buildSettings = {
				ALWAYS_SEARCH_USER_PATHS = NO;
				CLANG_CXX_LANGUAGE_STANDARD = "gnu++0x";
				CLANG_CXX_LIBRARY = "libc++";
				CLANG_ENABLE_MODULES = YES;
				CLANG_ENABLE_OBJC_ARC = YES;
				CLANG_WARN_BOOL_CONVERSION = YES;
				CLANG_WARN_CONSTANT_CONVERSION = YES;
				CLANG_WARN_DIRECT_OBJC_ISA_USAGE = YES_ERROR;
				CLANG_WARN_EMPTY_BODY = YES;
				CLANG_WARN_ENUM_CONVERSION = YES;
				CLANG_WARN_INT_CONVERSION = YES;
				CLANG_WARN_OBJC_ROOT_CLASS = YES_ERROR;
				CLANG_WARN__DUPLICATE_METHOD_MATCH = YES;
				"CODE_SIGN_IDENTITY[sdk=iphoneos*]" = "iPhone Developer";
				COPY_PHASE_STRIP = NO;
				GCC_C_LANGUAGE_STANDARD = gnu99;
				GCC_DYNAMIC_NO_PIC = NO;
				GCC_OPTIMIZATION_LEVEL = 0;
				GCC_PREPROCESSOR_DEFINITIONS = (
					"DEBUG=1",
					"$(inherited)",
				);
				GCC_SYMBOLS_PRIVATE_EXTERN = NO;
				GCC_WARN_64_TO_32_BIT_CONVERSION = YES;
				GCC_WARN_ABOUT_RETURN_TYPE = YES_ERROR;
				GCC_WARN_UNDECLARED_SELECTOR = YES;
				GCC_WARN_UNINITIALIZED_AUTOS = YES_AGGRESSIVE;
				GCC_WARN_UNUSED_FUNCTION = YES;
				GCC_WARN_UNUSED_VARIABLE = YES;
				IPHONEOS_DEPLOYMENT_TARGET = 7.1;
				ONLY_ACTIVE_ARCH = YES;
				SDKROOT = iphoneos;
				TARGETED_DEVICE_FAMILY = "1,2";
			};
			name = Debug;
		};
		812EA8161A36F2DB004F0140 /* Release */ = {
			isa = XCBuildConfiguration;
			buildSettings = {
				ALWAYS_SEARCH_USER_PATHS = NO;
				CLANG_CXX_LANGUAGE_STANDARD = "gnu++0x";
				CLANG_CXX_LIBRARY = "libc++";
				CLANG_ENABLE_MODULES = YES;
				CLANG_ENABLE_OBJC_ARC = YES;
				CLANG_WARN_BOOL_CONVERSION = YES;
				CLANG_WARN_CONSTANT_CONVERSION = YES;
				CLANG_WARN_DIRECT_OBJC_ISA_USAGE = YES_ERROR;
				CLANG_WARN_EMPTY_BODY = YES;
				CLANG_WARN_ENUM_CONVERSION = YES;
				CLANG_WARN_INT_CONVERSION = YES;
				CLANG_WARN_OBJC_ROOT_CLASS = YES_ERROR;
				CLANG_WARN__DUPLICATE_METHOD_MATCH = YES;
				"CODE_SIGN_IDENTITY[sdk=iphoneos*]" = "iPhone Developer";
				COPY_PHASE_STRIP = YES;
				ENABLE_NS_ASSERTIONS = NO;
				GCC_C_LANGUAGE_STANDARD = gnu99;
				GCC_WARN_64_TO_32_BIT_CONVERSION = YES;
				GCC_WARN_ABOUT_RETURN_TYPE = YES_ERROR;
				GCC_WARN_UNDECLARED_SELECTOR = YES;
				GCC_WARN_UNINITIALIZED_AUTOS = YES_AGGRESSIVE;
				GCC_WARN_UNUSED_FUNCTION = YES;
				GCC_WARN_UNUSED_VARIABLE = YES;
				IPHONEOS_DEPLOYMENT_TARGET = 7.1;
				SDKROOT = iphoneos;
				TARGETED_DEVICE_FAMILY = "1,2";
				VALIDATE_PRODUCT = YES;
			};
			name = Release;
		};
		812EA8181A36F2DB004F0140 /* Debug */ = {
			isa = XCBuildConfiguration;
			buildSettings = {
				ASSETCATALOG_COMPILER_APPICON_NAME = AppIcon;
				ASSETCATALOG_COMPILER_LAUNCHIMAGE_NAME = LaunchImage;
				GCC_PRECOMPILE_PREFIX_HEADER = YES;
				GCC_PREFIX_HEADER = "CheckBoxImageView/CheckBoxImageView-Prefix.pch";
				INFOPLIST_FILE = "CheckBoxImageView/CheckBoxImageView-Info.plist";
				PRODUCT_NAME = "$(TARGET_NAME)";
				WRAPPER_EXTENSION = app;
			};
			name = Debug;
		};
		812EA8191A36F2DB004F0140 /* Release */ = {
			isa = XCBuildConfiguration;
			buildSettings = {
				ASSETCATALOG_COMPILER_APPICON_NAME = AppIcon;
				ASSETCATALOG_COMPILER_LAUNCHIMAGE_NAME = LaunchImage;
				GCC_PRECOMPILE_PREFIX_HEADER = YES;
				GCC_PREFIX_HEADER = "CheckBoxImageView/CheckBoxImageView-Prefix.pch";
				INFOPLIST_FILE = "CheckBoxImageView/CheckBoxImageView-Info.plist";
				PRODUCT_NAME = "$(TARGET_NAME)";
				WRAPPER_EXTENSION = app;
			};
			name = Release;
		};
		812EA81B1A36F2DB004F0140 /* Debug */ = {
			isa = XCBuildConfiguration;
			buildSettings = {
				BUNDLE_LOADER = "$(BUILT_PRODUCTS_DIR)/CheckBoxImageView.app/CheckBoxImageView";
				FRAMEWORK_SEARCH_PATHS = (
					"$(SDKROOT)/Developer/Library/Frameworks",
					"$(inherited)",
					"$(DEVELOPER_FRAMEWORKS_DIR)",
				);
				GCC_PRECOMPILE_PREFIX_HEADER = YES;
				GCC_PREFIX_HEADER = "CheckBoxImageView/CheckBoxImageView-Prefix.pch";
				GCC_PREPROCESSOR_DEFINITIONS = (
					"DEBUG=1",
					"$(inherited)",
				);
				INFOPLIST_FILE = "CheckBoxImageViewTests/CheckBoxImageViewTests-Info.plist";
				PRODUCT_NAME = "$(TARGET_NAME)";
				TEST_HOST = "$(BUNDLE_LOADER)";
				WRAPPER_EXTENSION = xctest;
			};
			name = Debug;
		};
		812EA81C1A36F2DB004F0140 /* Release */ = {
			isa = XCBuildConfiguration;
			buildSettings = {
				BUNDLE_LOADER = "$(BUILT_PRODUCTS_DIR)/CheckBoxImageView.app/CheckBoxImageView";
				FRAMEWORK_SEARCH_PATHS = (
					"$(SDKROOT)/Developer/Library/Frameworks",
					"$(inherited)",
					"$(DEVELOPER_FRAMEWORKS_DIR)",
				);
				GCC_PRECOMPILE_PREFIX_HEADER = YES;
				GCC_PREFIX_HEADER = "CheckBoxImageView/CheckBoxImageView-Prefix.pch";
				INFOPLIST_FILE = "CheckBoxImageViewTests/CheckBoxImageViewTests-Info.plist";
				PRODUCT_NAME = "$(TARGET_NAME)";
				TEST_HOST = "$(BUNDLE_LOADER)";
				WRAPPER_EXTENSION = xctest;
			};
			name = Release;
		};
/* End XCBuildConfiguration section */

/* Begin XCConfigurationList section */
		812EA7DD1A36F2DA004F0140 /* Build configuration list for PBXProject "CheckBoxImageView" */ = {
			isa = XCConfigurationList;
			buildConfigurations = (
				812EA8151A36F2DB004F0140 /* Debug */,
				812EA8161A36F2DB004F0140 /* Release */,
			);
			defaultConfigurationIsVisible = 0;
			defaultConfigurationName = Release;
		};
		812EA8171A36F2DB004F0140 /* Build configuration list for PBXNativeTarget "CheckBoxImageView" */ = {
			isa = XCConfigurationList;
			buildConfigurations = (
				812EA8181A36F2DB004F0140 /* Debug */,
				812EA8191A36F2DB004F0140 /* Release */,
			);
			defaultConfigurationIsVisible = 0;
		};
		812EA81A1A36F2DB004F0140 /* Build configuration list for PBXNativeTarget "CheckBoxImageViewTests" */ = {
			isa = XCConfigurationList;
			buildConfigurations = (
				812EA81B1A36F2DB004F0140 /* Debug */,
				812EA81C1A36F2DB004F0140 /* Release */,
			);
			defaultConfigurationIsVisible = 0;
		};
/* End XCConfigurationList section */
	};
	rootObject = 812EA7DA1A36F2DA004F0140 /* Project object */;
}
